{
  "requires": true,
  "lockfileVersion": 1,
  "dependencies": {
    "aframe-gui": {
      "version": "0.3.8",
      "resolved": "https://registry.npmjs.org/aframe-gui/-/aframe-gui-0.3.8.tgz",
      "integrity": "sha512-ap/aT+f5U3+x0dYg4UU/ohD48uvnSCn+3A4uvvbqyQSu/Jhl8xnValzCu7+o05lhTMyEeAHEWUN875Cg05Ly/Q==",
      "dev": true
    }
  }
}
